
Microsoft Visual Studio Solution File, Format Version 12.00
# Visual Studio Version 16
VisualStudioVersion = 25.0.1703.7
MinimumVisualStudioVersion = 10.0.40219.1
Project("{FAE04EC0-301F-11D3-BF4B-00C04F79EFBC}") = "MamentoSanAndreas", "MamentoSanAndreas\MamentoSanAndreas.csproj", "{AA6A87B4-76B7-4BFB-9BA0-1252868B169A}"
EndProject
Global
	GlobalSection(SolutionConfigurationPlatforms) = preSolution
		Debug|Any CPU = Debug|Any CPU
		Release|Any CPU = Release|Any CPU
	EndGlobalSection
	GlobalSection(ProjectConfigurationPlatforms) = postSolution
		{AA6A87B4-76B7-4BFB-9BA0-1252868B169A}.Debug|Any CPU.ActiveCfg = Debug|Any CPU
		{AA6A87B4-76B7-4BFB-9BA0-1252868B169A}.Debug|Any CPU.Build.0 = Debug|Any CPU
		{AA6A87B4-76B7-4BFB-9BA0-1252868B169A}.Release|Any CPU.ActiveCfg = Release|Any CPU
		{AA6A87B4-76B7-4BFB-9BA0-1252868B169A}.Release|Any CPU.Build.0 = Release|Any CPU
	EndGlobalSection
	GlobalSection(SolutionProperties) = preSolution
		HideSolutionNode = FALSE
	EndGlobalSection
	GlobalSection(ExtensibilityGlobals) = postSolution
		SolutionGuid = {DABCDE12-7A32-47CE-8003-8AB5FFF13354}
	EndGlobalSection
EndGlobal
